{
  "version": 4,
  "terraform_version": "1.14.4",
  "serial": 1751,
  "lineage": "76476ce5-ac31-1a0b-1f53-b29dc351fcf6",
  "outputs": {
    "avd_subnet_id": {
      "value": "/subscriptions/bd67233d-38af-45db-a98e-a10a2b443d8d/resourceGroups/rg-avd-etf3-test-eus-network/providers/Microsoft.Network/virtualNetworks/vnet-etf3-test-eus-001/subnets/snet-avd-etf3-test-eus-001",
      "type": "string"
    },
    "fslogix_storage_account_id": {
      "value": "/subscriptions/bd67233d-38af-45db-a98e-a10a2b443d8d/resourceGroups/rg-avd-etf3-test-eus-storage/providers/Microsoft.Storage/storageAccounts/stfsletf3t6e1",
      "type": "string"
    },
    "hostpool_id": {
      "value": "/subscriptions/bd67233d-38af-45db-a98e-a10a2b443d8d/resourceGroups/rg-avd-etf3-test-eus-service-objects/providers/Microsoft.DesktopVirtualization/hostPools/vdpool-etf3-test-eus-001",
      "type": "string"
    },
    "private_endpoint_subnet_id": {
      "value": "/subscriptions/bd67233d-38af-45db-a98e-a10a2b443d8d/resourceGroups/rg-avd-etf3-test-eus-network/providers/Microsoft.Network/virtualNetworks/vnet-etf3-test-eus-001/subnets/snet-pe-etf3-test-eus-001",
      "type": "string"
    },
    "resource_group_compute": {
      "value": "rg-avd-etf3-test-eus-pool-compute",
      "type": "string"
    },
    "resource_group_network": {
      "value": "rg-avd-etf3-test-eus-network",
      "type": "string"
    },
    "resource_group_service_objects": {
      "value": "rg-avd-etf3-test-eus-service-objects",
      "type": "string"
    },
    "resource_group_storage": {
      "value": "rg-avd-etf3-test-eus-storage",
      "type": "string"
    },
    "session_host_names": {
      "value": [
        "vmetf3teus-0001"
      ],
      "type": [
        "tuple",
        [
          "string"
        ]
      ]
    },
    "virtual_network_id": {
      "value": "/subscriptions/bd67233d-38af-45db-a98e-a10a2b443d8d/resourceGroups/rg-avd-etf3-test-eus-network/providers/Microsoft.Network/virtualNetworks/vnet-etf3-test-eus-001",
      "type": "string"
    },
    "workload_key_vault_id": {
      "value": "/subscriptions/bd67233d-38af-45db-a98e-a10a2b443d8d/resourceGroups/rg-avd-etf3-test-eus-service-objects/providers/Microsoft.KeyVault/vaults/kvsecetf3testeus6e",
      "type": "string"
    },
    "workspace_id": {
      "value": "/subscriptions/bd67233d-38af-45db-a98e-a10a2b443d8d/resourceGroups/rg-avd-etf3-test-eus-service-objects/providers/Microsoft.DesktopVirtualization/workspaces/vdws-etf3-test-eus-001",
      "type": "string"
    }
  },
  "resources": [
    {
      "mode": "data",
      "type": "azurerm_client_config",
      "name": "current",
      "provider": "provider[\"registry.terraform.io/hashicorp/azurerm\"]",
      "instances": [
        {
          "schema_version": 0,
          "attributes": {
            "client_id": "04b07795-8ddb-461a-bbee-02f9e1bf7b46",
            "id": "Y2xpZW50Q29uZmlncy9jbGllbnRJZD0wNGIwNzc5NS04ZGRiLTQ2MWEtYmJlZS0wMmY5ZTFiZjdiNDY7b2JqZWN0SWQ9YmRkZjlkMGItMjE3OS00YzcyLWFlNDAtZmYzNzA1OTM3NWFiO3N1YnNjcmlwdGlvbklkPWJkNjcyMzNkLTM4YWYtNDVkYi1hOThlLWExMGEyYjQ0M2Q4ZDt0ZW5hbnRJZD1kM2VkYzNjMi1jMWFkLTQ2OWUtYTUzYS03ZGFjNDYyNzI3NzU=",
            "object_id": "bddf9d0b-2179-4c72-ae40-ff37059375ab",
            "subscription_id": "bd67233d-38af-45db-a98e-a10a2b443d8d",
            "tenant_id": "d3edc3c2-c1ad-469e-a53a-7dac46272775",
            "timeouts": null
          },
          "sensitive_attributes": [],
          "identity_schema_version": 0
        }
      ]
    },
    {
      "mode": "managed",
      "type": "azurerm_application_security_group",
      "name": "avd",
      "provider": "provider[\"registry.terraform.io/hashicorp/azurerm\"]",
      "instances": [
        {
          "index_key": 0,
          "schema_version": 0,
          "attributes": {
            "id": "/subscriptions/bd67233d-38af-45db-a98e-a10a2b443d8d/resourceGroups/rg-avd-etf3-test-eus-network/providers/Microsoft.Network/applicationSecurityGroups/asg-etf3-test-eus-001",
            "location": "eastus",
            "name": "asg-etf3-test-eus-001",
            "resource_group_name": "rg-avd-etf3-test-eus-network",
            "tags": {
              "CreationTimeUTC": "2026-02-26T02:12:46Z",
              "Environment": "Test",
              "IdentityProvider": "EntraID",
              "ServiceWorkload": "AVD"
            },
            "timeouts": null
          },
          "sensitive_attributes": [],
          "identity_schema_version": 0,
          "identity": {
            "name": "asg-etf3-test-eus-001",
            "resource_group_name": "rg-avd-etf3-test-eus-network",
            "subscription_id": "bd67233d-38af-45db-a98e-a10a2b443d8d"
          },
          "private": "eyJlMmJmYjczMC1lY2FhLTExZTYtOGY4OC0zNDM2M2JjN2M0YzAiOnsiY3JlYXRlIjoxODAwMDAwMDAwMDAwLCJkZWxldGUiOjE4MDAwMDAwMDAwMDAsInJlYWQiOjMwMDAwMDAwMDAwMCwidXBkYXRlIjoxODAwMDAwMDAwMDAwfX0=",
          "dependencies": [
            "azurerm_resource_group.rg_network",
            "azurerm_resource_group.rg_single"
          ]
        }
      ]
    },
    {
      "mode": "managed",
      "type": "azurerm_key_vault",
      "name": "workload",
      "provider": "provider[\"registry.terraform.io/hashicorp/azurerm\"]",
      "instances": [
        {
          "schema_version": 2,
          "attributes": {
            "access_policy": [],
            "contact": [],
            "enable_rbac_authorization": true,
            "enabled_for_deployment": false,
            "enabled_for_disk_encryption": false,
            "enabled_for_template_deployment": false,
            "id": "/subscriptions/bd67233d-38af-45db-a98e-a10a2b443d8d/resourceGroups/rg-avd-etf3-test-eus-service-objects/providers/Microsoft.KeyVault/vaults/kvsecetf3testeus6e",
            "location": "eastus",
            "name": "kvsecetf3testeus6e",
            "network_acls": [
              {
                "bypass": "AzureServices",
                "default_action": "Allow",
                "ip_rules": null,
                "virtual_network_subnet_ids": [
                  "/subscriptions/bd67233d-38af-45db-a98e-a10a2b443d8d/resourceGroups/rg-avd-etf3-test-eus-network/providers/Microsoft.Network/virtualNetworks/vnet-etf3-test-eus-001/subnets/snet-avd-etf3-test-eus-001"
                ]
              }
            ],
            "public_network_access_enabled": true,
            "purge_protection_enabled": true,
            "rbac_authorization_enabled": true,
            "resource_group_name": "rg-avd-etf3-test-eus-service-objects",
            "sku_name": "premium",
            "soft_delete_retention_days": 7,
            "tags": {
              "CreationTimeUTC": "2026-02-26T02:12:46Z",
              "Environment": "Test",
              "IdentityProvider": "EntraID",
              "Purpose": "Secrets for local admin and domain join credentials",
              "ServiceWorkload": "AVD"
            },
            "tenant_id": "d3edc3c2-c1ad-469e-a53a-7dac46272775",
            "timeouts": null,
            "vault_uri": "https://kvsecetf3testeus6e.vault.azure.net/"
          },
          "sensitive_attributes": [],
          "identity_schema_version": 0,
          "private": "eyJlMmJmYjczMC1lY2FhLTExZTYtOGY4OC0zNDM2M2JjN2M0YzAiOnsiY3JlYXRlIjoxODAwMDAwMDAwMDAwLCJkZWxldGUiOjE4MDAwMDAwMDAwMDAsInJlYWQiOjMwMDAwMDAwMDAwMCwidXBkYXRlIjoxODAwMDAwMDAwMDAwfSwic2NoZW1hX3ZlcnNpb24iOiIyIn0=",
          "dependencies": [
            "azurerm_network_ddos_protection_plan.ddos",
            "azurerm_resource_group.rg_network",
            "azurerm_resource_group.rg_service_objects",
            "azurerm_resource_group.rg_single",
            "azurerm_subnet.avd",
            "azurerm_virtual_network.avd",
            "data.azurerm_client_config.current",
            "data.azurerm_subnet.existing_subnet"
          ]
        }
      ]
    },
    {
      "mode": "managed",
      "type": "azurerm_key_vault_secret",
      "name": "domain_join_password",
      "provider": "provider[\"registry.terraform.io/hashicorp/azurerm\"]",
      "instances": [
        {
          "index_key": 0,
          "schema_version": 0,
          "attributes": {
            "content_type": "Domain join credentials",
            "expiration_date": "",
            "id": "https://kvsecetf3testeus6e.vault.azure.net/secrets/domainJoinUserPassword/c269d15738a941a2a52bf9dff3a812b7",
            "key_vault_id": "/subscriptions/bd67233d-38af-45db-a98e-a10a2b443d8d/resourceGroups/rg-avd-etf3-test-eus-service-objects/providers/Microsoft.KeyVault/vaults/kvsecetf3testeus6e",
            "name": "domainJoinUserPassword",
            "not_before_date": "",
            "resource_id": "/subscriptions/bd67233d-38af-45db-a98e-a10a2b443d8d/resourceGroups/rg-avd-etf3-test-eus-service-objects/providers/Microsoft.KeyVault/vaults/kvsecetf3testeus6e/secrets/domainJoinUserPassword/versions/c269d15738a941a2a52bf9dff3a812b7",
            "resource_versionless_id": "/subscriptions/bd67233d-38af-45db-a98e-a10a2b443d8d/resourceGroups/rg-avd-etf3-test-eus-service-objects/providers/Microsoft.KeyVault/vaults/kvsecetf3testeus6e/secrets/domainJoinUserPassword",
            "tags": null,
            "timeouts": null,
            "value": "NoPassword",
            "value_wo": null,
            "value_wo_version": 0,
            "version": "c269d15738a941a2a52bf9dff3a812b7",
            "versionless_id": "https://kvsecetf3testeus6e.vault.azure.net/secrets/domainJoinUserPassword"
          },
          "sensitive_attributes": [
            [
              {
                "type": "get_attr",
                "value": "value"
              }
            ]
          ],
          "identity_schema_version": 0,
          "private": "eyJlMmJmYjczMC1lY2FhLTExZTYtOGY4OC0zNDM2M2JjN2M0YzAiOnsiY3JlYXRlIjoxODAwMDAwMDAwMDAwLCJkZWxldGUiOjE4MDAwMDAwMDAwMDAsInJlYWQiOjE4MDAwMDAwMDAwMDAsInVwZGF0ZSI6MTgwMDAwMDAwMDAwMH19",
          "dependencies": [
            "azurerm_key_vault.workload",
            "azurerm_network_ddos_protection_plan.ddos",
            "azurerm_resource_group.rg_network",
            "azurerm_resource_group.rg_service_objects",
            "azurerm_resource_group.rg_single",
            "azurerm_role_assignment.kv_secrets_officer_workload",
            "azurerm_subnet.avd",
            "azurerm_virtual_network.avd",
            "data.azurerm_client_config.current",
            "data.azurerm_subnet.existing_subnet"
          ]
        }
      ]
    },
    {
      "mode": "managed",
      "type": "azurerm_key_vault_secret",
      "name": "domain_join_username",
      "provider": "provider[\"registry.terraform.io/hashicorp/azurerm\"]",
      "instances": [
        {
          "index_key": 0,
          "schema_version": 0,
          "attributes": {
            "content_type": "Domain join credentials",
            "expiration_date": "",
            "id": "https://kvsecetf3testeus6e.vault.azure.net/secrets/domainJoinUserName/68143ca45ddf4d8fa7e50a0af92bbce2",
            "key_vault_id": "/subscriptions/bd67233d-38af-45db-a98e-a10a2b443d8d/resourceGroups/rg-avd-etf3-test-eus-service-objects/providers/Microsoft.KeyVault/vaults/kvsecetf3testeus6e",
            "name": "domainJoinUserName",
            "not_before_date": "",
            "resource_id": "/subscriptions/bd67233d-38af-45db-a98e-a10a2b443d8d/resourceGroups/rg-avd-etf3-test-eus-service-objects/providers/Microsoft.KeyVault/vaults/kvsecetf3testeus6e/secrets/domainJoinUserName/versions/68143ca45ddf4d8fa7e50a0af92bbce2",
            "resource_versionless_id": "/subscriptions/bd67233d-38af-45db-a98e-a10a2b443d8d/resourceGroups/rg-avd-etf3-test-eus-service-objects/providers/Microsoft.KeyVault/vaults/kvsecetf3testeus6e/secrets/domainJoinUserName",
            "tags": null,
            "timeouts": null,
            "value": "NoUsername",
            "value_wo": null,
            "value_wo_version": 0,
            "version": "68143ca45ddf4d8fa7e50a0af92bbce2",
            "versionless_id": "https://kvsecetf3testeus6e.vault.azure.net/secrets/domainJoinUserName"
          },
          "sensitive_attributes": [
            [
              {
                "type": "get_attr",
                "value": "value"
              }
            ]
          ],
          "identity_schema_version": 0,
          "private": "eyJlMmJmYjczMC1lY2FhLTExZTYtOGY4OC0zNDM2M2JjN2M0YzAiOnsiY3JlYXRlIjoxODAwMDAwMDAwMDAwLCJkZWxldGUiOjE4MDAwMDAwMDAwMDAsInJlYWQiOjE4MDAwMDAwMDAwMDAsInVwZGF0ZSI6MTgwMDAwMDAwMDAwMH19",
          "dependencies": [
            "azurerm_key_vault.workload",
            "azurerm_network_ddos_protection_plan.ddos",
            "azurerm_resource_group.rg_network",
            "azurerm_resource_group.rg_service_objects",
            "azurerm_resource_group.rg_single",
            "azurerm_role_assignment.kv_secrets_officer_workload",
            "azurerm_subnet.avd",
            "azurerm_virtual_network.avd",
            "data.azurerm_client_config.current",
            "data.azurerm_subnet.existing_subnet"
          ]
        }
      ]
    },
    {
      "mode": "managed",
      "type": "azurerm_key_vault_secret",
      "name": "vm_local_password",
      "provider": "provider[\"registry.terraform.io/hashicorp/azurerm\"]",
      "instances": [
        {
          "index_key": 0,
          "schema_version": 0,
          "attributes": {
            "content_type": "Session host local user credentials",
            "expiration_date": "",
            "id": "https://kvsecetf3testeus6e.vault.azure.net/secrets/vmLocalUserPassword/a342e2b37a4c4d858c87dba41d6cf6ee",
            "key_vault_id": "/subscriptions/bd67233d-38af-45db-a98e-a10a2b443d8d/resourceGroups/rg-avd-etf3-test-eus-service-objects/providers/Microsoft.KeyVault/vaults/kvsecetf3testeus6e",
            "name": "vmLocalUserPassword",
            "not_before_date": "",
            "resource_id": "/subscriptions/bd67233d-38af-45db-a98e-a10a2b443d8d/resourceGroups/rg-avd-etf3-test-eus-service-objects/providers/Microsoft.KeyVault/vaults/kvsecetf3testeus6e/secrets/vmLocalUserPassword/versions/a342e2b37a4c4d858c87dba41d6cf6ee",
            "resource_versionless_id": "/subscriptions/bd67233d-38af-45db-a98e-a10a2b443d8d/resourceGroups/rg-avd-etf3-test-eus-service-objects/providers/Microsoft.KeyVault/vaults/kvsecetf3testeus6e/secrets/vmLocalUserPassword",
            "tags": null,
            "timeouts": null,
            "value": "Ihavenoidea53*",
            "value_wo": null,
            "value_wo_version": 0,
            "version": "a342e2b37a4c4d858c87dba41d6cf6ee",
            "versionless_id": "https://kvsecetf3testeus6e.vault.azure.net/secrets/vmLocalUserPassword"
          },
          "sensitive_attributes": [
            [
              {
                "type": "get_attr",
                "value": "value"
              }
            ]
          ],
          "identity_schema_version": 0,
          "private": "eyJlMmJmYjczMC1lY2FhLTExZTYtOGY4OC0zNDM2M2JjN2M0YzAiOnsiY3JlYXRlIjoxODAwMDAwMDAwMDAwLCJkZWxldGUiOjE4MDAwMDAwMDAwMDAsInJlYWQiOjE4MDAwMDAwMDAwMDAsInVwZGF0ZSI6MTgwMDAwMDAwMDAwMH19",
          "dependencies": [
            "azurerm_key_vault.workload",
            "azurerm_network_ddos_protection_plan.ddos",
            "azurerm_resource_group.rg_network",
            "azurerm_resource_group.rg_service_objects",
            "azurerm_resource_group.rg_single",
            "azurerm_role_assignment.kv_secrets_officer_workload",
            "azurerm_subnet.avd",
            "azurerm_virtual_network.avd",
            "data.azurerm_client_config.current",
            "data.azurerm_subnet.existing_subnet"
          ]
        }
      ]
    },
    {
      "mode": "managed",
      "type": "azurerm_key_vault_secret",
      "name": "vm_local_username",
      "provider": "provider[\"registry.terraform.io/hashicorp/azurerm\"]",
      "instances": [
        {
          "index_key": 0,
          "schema_version": 0,
          "attributes": {
            "content_type": "Session host local user credentials",
            "expiration_date": "",
            "id": "https://kvsecetf3testeus6e.vault.azure.net/secrets/vmLocalUserName/1565e8d9df894c9ebfe2622f24ff1fe8",
            "key_vault_id": "/subscriptions/bd67233d-38af-45db-a98e-a10a2b443d8d/resourceGroups/rg-avd-etf3-test-eus-service-objects/providers/Microsoft.KeyVault/vaults/kvsecetf3testeus6e",
            "name": "vmLocalUserName",
            "not_before_date": "",
            "resource_id": "/subscriptions/bd67233d-38af-45db-a98e-a10a2b443d8d/resourceGroups/rg-avd-etf3-test-eus-service-objects/providers/Microsoft.KeyVault/vaults/kvsecetf3testeus6e/secrets/vmLocalUserName/versions/1565e8d9df894c9ebfe2622f24ff1fe8",
            "resource_versionless_id": "/subscriptions/bd67233d-38af-45db-a98e-a10a2b443d8d/resourceGroups/rg-avd-etf3-test-eus-service-objects/providers/Microsoft.KeyVault/vaults/kvsecetf3testeus6e/secrets/vmLocalUserName",
            "tags": null,
            "timeouts": null,
            "value": "etfadmin",
            "value_wo": null,
            "value_wo_version": 0,
            "version": "1565e8d9df894c9ebfe2622f24ff1fe8",
            "versionless_id": "https://kvsecetf3testeus6e.vault.azure.net/secrets/vmLocalUserName"
          },
          "sensitive_attributes": [
            [
              {
                "type": "get_attr",
                "value": "value"
              }
            ]
          ],
          "identity_schema_version": 0,
          "private": "eyJlMmJmYjczMC1lY2FhLTExZTYtOGY4OC0zNDM2M2JjN2M0YzAiOnsiY3JlYXRlIjoxODAwMDAwMDAwMDAwLCJkZWxldGUiOjE4MDAwMDAwMDAwMDAsInJlYWQiOjE4MDAwMDAwMDAwMDAsInVwZGF0ZSI6MTgwMDAwMDAwMDAwMH19",
          "dependencies": [
            "azurerm_key_vault.workload",
            "azurerm_network_ddos_protection_plan.ddos",
            "azurerm_resource_group.rg_network",
            "azurerm_resource_group.rg_service_objects",
            "azurerm_resource_group.rg_single",
            "azurerm_role_assignment.kv_secrets_officer_workload",
            "azurerm_subnet.avd",
            "azurerm_virtual_network.avd",
            "data.azurerm_client_config.current",
            "data.azurerm_subnet.existing_subnet"
          ]
        }
      ]
    },
    {
      "mode": "managed",
      "type": "azurerm_network_interface",
      "name": "nic",
      "provider": "provider[\"registry.terraform.io/hashicorp/azurerm\"]",
      "instances": [
        {
          "index_key": 0,
          "schema_version": 0,
          "attributes": {
            "accelerated_networking_enabled": false,
            "applied_dns_servers": [],
            "auxiliary_mode": "",
            "auxiliary_sku": "",
            "dns_servers": [],
            "edge_zone": "",
            "id": "/subscriptions/bd67233d-38af-45db-a98e-a10a2b443d8d/resourceGroups/rg-avd-etf3-test-eus-pool-compute/providers/Microsoft.Network/networkInterfaces/vmetf3teus-0001-nic",
            "internal_dns_name_label": "",
            "internal_domain_name_suffix": "wifpdrfzemjuphv4ieftc5g4kb.bx.internal.cloudapp.net",
            "ip_configuration": [
              {
                "gateway_load_balancer_frontend_ip_configuration_id": "",
                "name": "ipconfig1",
                "primary": true,
                "private_ip_address": "10.10.1.4",
                "private_ip_address_allocation": "Dynamic",
                "private_ip_address_version": "IPv4",
                "public_ip_address_id": "",
                "subnet_id": "/subscriptions/bd67233d-38af-45db-a98e-a10a2b443d8d/resourceGroups/rg-avd-etf3-test-eus-network/providers/Microsoft.Network/virtualNetworks/vnet-etf3-test-eus-001/subnets/snet-avd-etf3-test-eus-001"
              }
            ],
            "ip_forwarding_enabled": false,
            "location": "eastus",
            "mac_address": "7C-ED-8D-DE-C4-84",
            "name": "vmetf3teus-0001-nic",
            "private_ip_address": "10.10.1.4",
            "private_ip_addresses": [
              "10.10.1.4"
            ],
            "resource_group_name": "rg-avd-etf3-test-eus-pool-compute",
            "tags": {
              "CreationTimeUTC": "2026-02-26T02:12:46Z",
              "Environment": "Test",
              "IdentityProvider": "EntraID",
              "ServiceWorkload": "AVD"
            },
            "timeouts": null,
            "virtual_machine_id": "/subscriptions/bd67233d-38af-45db-a98e-a10a2b443d8d/resourceGroups/rg-avd-etf3-test-eus-pool-compute/providers/Microsoft.Compute/virtualMachines/vmetf3teus-0001"
          },
          "sensitive_attributes": [],
          "identity_schema_version": 0,
          "identity": {
            "name": "vmetf3teus-0001-nic",
            "resource_group_name": "rg-avd-etf3-test-eus-pool-compute",
            "subscription_id": "bd67233d-38af-45db-a98e-a10a2b443d8d"
          },
          "private": "eyJlMmJmYjczMC1lY2FhLTExZTYtOGY4OC0zNDM2M2JjN2M0YzAiOnsiY3JlYXRlIjoxODAwMDAwMDAwMDAwLCJkZWxldGUiOjE4MDAwMDAwMDAwMDAsInJlYWQiOjMwMDAwMDAwMDAwMCwidXBkYXRlIjoxODAwMDAwMDAwMDAwfX0=",
          "dependencies": [
            "azurerm_network_ddos_protection_plan.ddos",
            "azurerm_resource_group.rg_compute",
            "azurerm_resource_group.rg_network",
            "azurerm_resource_group.rg_single",
            "azurerm_subnet.avd",
            "azurerm_virtual_network.avd",
            "data.azurerm_subnet.existing_subnet"
          ]
        }
      ]
    },
    {
      "mode": "managed",
      "type": "azurerm_network_security_group",
      "name": "avd",
      "provider": "provider[\"registry.terraform.io/hashicorp/azurerm\"]",
      "instances": [
        {
          "index_key": 0,
          "schema_version": 0,
          "attributes": {
            "id": "/subscriptions/bd67233d-38af-45db-a98e-a10a2b443d8d/resourceGroups/rg-avd-etf3-test-eus-network/providers/Microsoft.Network/networkSecurityGroups/nsg-avd-etf3-test-eus-001",
            "location": "eastus",
            "name": "nsg-avd-etf3-test-eus-001",
            "resource_group_name": "rg-avd-etf3-test-eus-network",
            "security_rule": [],
            "tags": {
              "CreationTimeUTC": "2026-02-26T02:12:46Z",
              "Environment": "Test",
              "IdentityProvider": "EntraID",
              "ServiceWorkload": "AVD"
            },
            "timeouts": null
          },
          "sensitive_attributes": [],
          "identity_schema_version": 0,
          "identity": {
            "name": "nsg-avd-etf3-test-eus-001",
            "resource_group_name": "rg-avd-etf3-test-eus-network",
            "subscription_id": "bd67233d-38af-45db-a98e-a10a2b443d8d"
          },
          "private": "eyJlMmJmYjczMC1lY2FhLTExZTYtOGY4OC0zNDM2M2JjN2M0YzAiOnsiY3JlYXRlIjoxODAwMDAwMDAwMDAwLCJkZWxldGUiOjE4MDAwMDAwMDAwMDAsInJlYWQiOjMwMDAwMDAwMDAwMCwidXBkYXRlIjoxODAwMDAwMDAwMDAwfX0=",
          "dependencies": [
            "azurerm_resource_group.rg_network",
            "azurerm_resource_group.rg_single"
          ]
        }
      ]
    },
    {
      "mode": "managed",
      "type": "azurerm_network_security_group",
      "name": "private_endpoints",
      "provider": "provider[\"registry.terraform.io/hashicorp/azurerm\"]",
      "instances": [
        {
          "index_key": 0,
          "schema_version": 0,
          "attributes": {
            "id": "/subscriptions/bd67233d-38af-45db-a98e-a10a2b443d8d/resourceGroups/rg-avd-etf3-test-eus-network/providers/Microsoft.Network/networkSecurityGroups/nsg-pe-etf3-test-eus-001",
            "location": "eastus",
            "name": "nsg-pe-etf3-test-eus-001",
            "resource_group_name": "rg-avd-etf3-test-eus-network",
            "security_rule": [],
            "tags": {
              "CreationTimeUTC": "2026-02-26T02:12:46Z",
              "Environment": "Test",
              "IdentityProvider": "EntraID",
              "ServiceWorkload": "AVD"
            },
            "timeouts": null
          },
          "sensitive_attributes": [],
          "identity_schema_version": 0,
          "identity": {
            "name": "nsg-pe-etf3-test-eus-001",
            "resource_group_name": "rg-avd-etf3-test-eus-network",
            "subscription_id": "bd67233d-38af-45db-a98e-a10a2b443d8d"
          },
          "private": "eyJlMmJmYjczMC1lY2FhLTExZTYtOGY4OC0zNDM2M2JjN2M0YzAiOnsiY3JlYXRlIjoxODAwMDAwMDAwMDAwLCJkZWxldGUiOjE4MDAwMDAwMDAwMDAsInJlYWQiOjMwMDAwMDAwMDAwMCwidXBkYXRlIjoxODAwMDAwMDAwMDAwfX0=",
          "dependencies": [
            "azurerm_resource_group.rg_network",
            "azurerm_resource_group.rg_single"
          ]
        }
      ]
    },
    {
      "mode": "managed",
      "type": "azurerm_resource_group",
      "name": "rg_compute",
      "provider": "provider[\"registry.terraform.io/hashicorp/azurerm\"]",
      "instances": [
        {
          "index_key": 0,
          "schema_version": 0,
          "attributes": {
            "id": "/subscriptions/bd67233d-38af-45db-a98e-a10a2b443d8d/resourceGroups/rg-avd-etf3-test-eus-pool-compute",
            "location": "eastus",
            "managed_by": "",
            "name": "rg-avd-etf3-test-eus-pool-compute",
            "tags": {
              "CreationTimeUTC": "2026-02-26T02:12:46Z",
              "Environment": "Test",
              "IdentityProvider": "EntraID",
              "ServiceWorkload": "AVD"
            },
            "timeouts": null
          },
          "sensitive_attributes": [],
          "identity_schema_version": 0,
          "identity": {
            "name": "rg-avd-etf3-test-eus-pool-compute",
            "subscription_id": "bd67233d-38af-45db-a98e-a10a2b443d8d"
          },
          "private": "eyJlMmJmYjczMC1lY2FhLTExZTYtOGY4OC0zNDM2M2JjN2M0YzAiOnsiY3JlYXRlIjo1NDAwMDAwMDAwMDAwLCJkZWxldGUiOjU0MDAwMDAwMDAwMDAsInJlYWQiOjMwMDAwMDAwMDAwMCwidXBkYXRlIjo1NDAwMDAwMDAwMDAwfX0="
        }
      ]
    },
    {
      "mode": "managed",
      "type": "azurerm_resource_group",
      "name": "rg_network",
      "provider": "provider[\"registry.terraform.io/hashicorp/azurerm\"]",
      "instances": [
        {
          "index_key": 0,
          "schema_version": 0,
          "attributes": {
            "id": "/subscriptions/bd67233d-38af-45db-a98e-a10a2b443d8d/resourceGroups/rg-avd-etf3-test-eus-network",
            "location": "eastus",
            "managed_by": "",
            "name": "rg-avd-etf3-test-eus-network",
            "tags": {
              "CreationTimeUTC": "2026-02-26T02:12:46Z",
              "Environment": "Test",
              "IdentityProvider": "EntraID",
              "ServiceWorkload": "AVD"
            },
            "timeouts": null
          },
          "sensitive_attributes": [],
          "identity_schema_version": 0,
          "identity": {
            "name": "rg-avd-etf3-test-eus-network",
            "subscription_id": "bd67233d-38af-45db-a98e-a10a2b443d8d"
          },
          "private": "eyJlMmJmYjczMC1lY2FhLTExZTYtOGY4OC0zNDM2M2JjN2M0YzAiOnsiY3JlYXRlIjo1NDAwMDAwMDAwMDAwLCJkZWxldGUiOjU0MDAwMDAwMDAwMDAsInJlYWQiOjMwMDAwMDAwMDAwMCwidXBkYXRlIjo1NDAwMDAwMDAwMDAwfX0="
        }
      ]
    },
    {
      "mode": "managed",
      "type": "azurerm_resource_group",
      "name": "rg_service_objects",
      "provider": "provider[\"registry.terraform.io/hashicorp/azurerm\"]",
      "instances": [
        {
          "index_key": 0,
          "schema_version": 0,
          "attributes": {
            "id": "/subscriptions/bd67233d-38af-45db-a98e-a10a2b443d8d/resourceGroups/rg-avd-etf3-test-eus-service-objects",
            "location": "eastus",
            "managed_by": "",
            "name": "rg-avd-etf3-test-eus-service-objects",
            "tags": {
              "CreationTimeUTC": "2026-02-26T02:12:46Z",
              "Environment": "Test",
              "IdentityProvider": "EntraID",
              "ServiceWorkload": "AVD"
            },
            "timeouts": null
          },
          "sensitive_attributes": [],
          "identity_schema_version": 0,
          "identity": {
            "name": "rg-avd-etf3-test-eus-service-objects",
            "subscription_id": "bd67233d-38af-45db-a98e-a10a2b443d8d"
          },
          "private": "eyJlMmJmYjczMC1lY2FhLTExZTYtOGY4OC0zNDM2M2JjN2M0YzAiOnsiY3JlYXRlIjo1NDAwMDAwMDAwMDAwLCJkZWxldGUiOjU0MDAwMDAwMDAwMDAsInJlYWQiOjMwMDAwMDAwMDAwMCwidXBkYXRlIjo1NDAwMDAwMDAwMDAwfX0="
        }
      ]
    },
    {
      "mode": "managed",
      "type": "azurerm_resource_group",
      "name": "rg_storage",
      "provider": "provider[\"registry.terraform.io/hashicorp/azurerm\"]",
      "instances": [
        {
          "index_key": 0,
          "schema_version": 0,
          "attributes": {
            "id": "/subscriptions/bd67233d-38af-45db-a98e-a10a2b443d8d/resourceGroups/rg-avd-etf3-test-eus-storage",
            "location": "eastus",
            "managed_by": "",
            "name": "rg-avd-etf3-test-eus-storage",
            "tags": {
              "CreationTimeUTC": "2026-02-26T02:12:46Z",
              "Environment": "Test",
              "IdentityProvider": "EntraID",
              "ServiceWorkload": "AVD"
            },
            "timeouts": null
          },
          "sensitive_attributes": [],
          "identity_schema_version": 0,
          "identity": {
            "name": "rg-avd-etf3-test-eus-storage",
            "subscription_id": "bd67233d-38af-45db-a98e-a10a2b443d8d"
          },
          "private": "eyJlMmJmYjczMC1lY2FhLTExZTYtOGY4OC0zNDM2M2JjN2M0YzAiOnsiY3JlYXRlIjo1NDAwMDAwMDAwMDAwLCJkZWxldGUiOjU0MDAwMDAwMDAwMDAsInJlYWQiOjMwMDAwMDAwMDAwMCwidXBkYXRlIjo1NDAwMDAwMDAwMDAwfX0="
        }
      ]
    },
    {
      "mode": "managed",
      "type": "azurerm_role_assignment",
      "name": "kv_secrets_officer_workload",
      "provider": "provider[\"registry.terraform.io/hashicorp/azurerm\"]",
      "instances": [
        {
          "schema_version": 0,
          "attributes": {
            "condition": "",
            "condition_version": "",
            "delegated_managed_identity_resource_id": "",
            "description": "",
            "id": "/subscriptions/bd67233d-38af-45db-a98e-a10a2b443d8d/resourceGroups/rg-avd-etf3-test-eus-service-objects/providers/Microsoft.KeyVault/vaults/kvsecetf3testeus6e/providers/Microsoft.Authorization/roleAssignments/c65b869f-739e-7475-16eb-2dcb6c1101cf",
            "name": "c65b869f-739e-7475-16eb-2dcb6c1101cf",
            "principal_id": "bddf9d0b-2179-4c72-ae40-ff37059375ab",
            "principal_type": "User",
            "role_definition_id": "/subscriptions/bd67233d-38af-45db-a98e-a10a2b443d8d/providers/Microsoft.Authorization/roleDefinitions/b86a8fe4-44ce-4948-aee5-eccb2c155cd7",
            "role_definition_name": "Key Vault Secrets Officer",
            "scope": "/subscriptions/bd67233d-38af-45db-a98e-a10a2b443d8d/resourceGroups/rg-avd-etf3-test-eus-service-objects/providers/Microsoft.KeyVault/vaults/kvsecetf3testeus6e",
            "skip_service_principal_aad_check": null,
            "timeouts": null
          },
          "sensitive_attributes": [],
          "identity_schema_version": 0,
          "private": "eyJlMmJmYjczMC1lY2FhLTExZTYtOGY4OC0zNDM2M2JjN2M0YzAiOnsiY3JlYXRlIjoxODAwMDAwMDAwMDAwLCJkZWxldGUiOjE4MDAwMDAwMDAwMDAsInJlYWQiOjMwMDAwMDAwMDAwMH19",
          "dependencies": [
            "azurerm_key_vault.workload",
            "azurerm_network_ddos_protection_plan.ddos",
            "azurerm_resource_group.rg_network",
            "azurerm_resource_group.rg_service_objects",
            "azurerm_resource_group.rg_single",
            "azurerm_subnet.avd",
            "azurerm_virtual_network.avd",
            "data.azurerm_client_config.current",
            "data.azurerm_subnet.existing_subnet"
          ]
        }
      ]
    },
    {
      "mode": "managed",
      "type": "azurerm_route_table",
      "name": "avd",
      "provider": "provider[\"registry.terraform.io/hashicorp/azurerm\"]",
      "instances": [
        {
          "index_key": 0,
          "schema_version": 0,
          "attributes": {
            "bgp_route_propagation_enabled": true,
            "id": "/subscriptions/bd67233d-38af-45db-a98e-a10a2b443d8d/resourceGroups/rg-avd-etf3-test-eus-network/providers/Microsoft.Network/routeTables/route-avd-etf3-test-eus-001",
            "location": "eastus",
            "name": "route-avd-etf3-test-eus-001",
            "resource_group_name": "rg-avd-etf3-test-eus-network",
            "route": [],
            "subnets": [
              "/subscriptions/bd67233d-38af-45db-a98e-a10a2b443d8d/resourceGroups/rg-avd-etf3-test-eus-network/providers/Microsoft.Network/virtualNetworks/vnet-etf3-test-eus-001/subnets/snet-avd-etf3-test-eus-001"
            ],
            "tags": {
              "CreationTimeUTC": "2026-02-26T02:12:46Z",
              "Environment": "Test",
              "IdentityProvider": "EntraID",
              "ServiceWorkload": "AVD"
            },
            "timeouts": null
          },
          "sensitive_attributes": [],
          "identity_schema_version": 0,
          "identity": {
            "name": "route-avd-etf3-test-eus-001",
            "resource_group_name": "rg-avd-etf3-test-eus-network",
            "subscription_id": "bd67233d-38af-45db-a98e-a10a2b443d8d"
          },
          "private": "eyJlMmJmYjczMC1lY2FhLTExZTYtOGY4OC0zNDM2M2JjN2M0YzAiOnsiY3JlYXRlIjoxODAwMDAwMDAwMDAwLCJkZWxldGUiOjE4MDAwMDAwMDAwMDAsInJlYWQiOjMwMDAwMDAwMDAwMCwidXBkYXRlIjoxODAwMDAwMDAwMDAwfX0=",
          "dependencies": [
            "azurerm_resource_group.rg_network",
            "azurerm_resource_group.rg_single"
          ]
        }
      ]
    },
    {
      "mode": "managed",
      "type": "azurerm_route_table",
      "name": "private_endpoints",
      "provider": "provider[\"registry.terraform.io/hashicorp/azurerm\"]",
      "instances": [
        {
          "index_key": 0,
          "schema_version": 0,
          "attributes": {
            "bgp_route_propagation_enabled": true,
            "id": "/subscriptions/bd67233d-38af-45db-a98e-a10a2b443d8d/resourceGroups/rg-avd-etf3-test-eus-network/providers/Microsoft.Network/routeTables/route-pe-etf3-test-eus-001",
            "location": "eastus",
            "name": "route-pe-etf3-test-eus-001",
            "resource_group_name": "rg-avd-etf3-test-eus-network",
            "route": [],
            "subnets": [
              "/subscriptions/bd67233d-38af-45db-a98e-a10a2b443d8d/resourceGroups/rg-avd-etf3-test-eus-network/providers/Microsoft.Network/virtualNetworks/vnet-etf3-test-eus-001/subnets/snet-pe-etf3-test-eus-001"
            ],
            "tags": {
              "CreationTimeUTC": "2026-02-26T02:12:46Z",
              "Environment": "Test",
              "IdentityProvider": "EntraID",
              "ServiceWorkload": "AVD"
            },
            "timeouts": null
          },
          "sensitive_attributes": [],
          "identity_schema_version": 0,
          "identity": {
            "name": "route-pe-etf3-test-eus-001",
            "resource_group_name": "rg-avd-etf3-test-eus-network",
            "subscription_id": "bd67233d-38af-45db-a98e-a10a2b443d8d"
          },
          "private": "eyJlMmJmYjczMC1lY2FhLTExZTYtOGY4OC0zNDM2M2JjN2M0YzAiOnsiY3JlYXRlIjoxODAwMDAwMDAwMDAwLCJkZWxldGUiOjE4MDAwMDAwMDAwMDAsInJlYWQiOjMwMDAwMDAwMDAwMCwidXBkYXRlIjoxODAwMDAwMDAwMDAwfX0=",
          "dependencies": [
            "azurerm_resource_group.rg_network",
            "azurerm_resource_group.rg_single"
          ]
        }
      ]
    },
    {
      "mode": "managed",
      "type": "azurerm_storage_account",
      "name": "fslogix",
      "provider": "provider[\"registry.terraform.io/hashicorp/azurerm\"]",
      "instances": [
        {
          "index_key": 0,
          "schema_version": 4,
          "attributes": {
            "access_tier": "Hot",
            "account_kind": "FileStorage",
            "account_replication_type": "LRS",
            "account_tier": "Premium",
            "allow_nested_items_to_be_public": true,
            "allowed_copy_scope": "",
            "azure_files_authentication": [],
            "blob_properties": [],
            "cross_tenant_replication_enabled": false,
            "custom_domain": [],
            "customer_managed_key": [],
            "default_to_oauth_authentication": false,
            "dns_endpoint_type": "Standard",
            "edge_zone": "",
            "https_traffic_only_enabled": true,
            "id": "/subscriptions/bd67233d-38af-45db-a98e-a10a2b443d8d/resourceGroups/rg-avd-etf3-test-eus-storage/providers/Microsoft.Storage/storageAccounts/stfsletf3t6e1",
            "identity": [],
            "immutability_policy": [],
            "infrastructure_encryption_enabled": false,
            "is_hns_enabled": false,
            "large_file_share_enabled": true,
            "local_user_enabled": true,
            "location": "eastus",
            "min_tls_version": "TLS1_2",
            "name": "stfsletf3t6e1",
            "network_rules": [],
            "nfsv3_enabled": false,
            "primary_access_key": "T7LJcAjdJxYBgWfBLe46IfquyC2/xIjT09IqMkeJzuMx2C7DjztRU7RnMHF/xNYSfqrfiizkaF2B+AStrpzDiQ==",
            "primary_blob_connection_string": "",
            "primary_blob_endpoint": "",
            "primary_blob_host": "",
            "primary_blob_internet_endpoint": "",
            "primary_blob_internet_host": "",
            "primary_blob_microsoft_endpoint": "",
            "primary_blob_microsoft_host": "",
            "primary_connection_string": "DefaultEndpointsProtocol=https;AccountName=stfsletf3t6e1;AccountKey=T7LJcAjdJxYBgWfBLe46IfquyC2/xIjT09IqMkeJzuMx2C7DjztRU7RnMHF/xNYSfqrfiizkaF2B+AStrpzDiQ==;EndpointSuffix=core.windows.net",
            "primary_dfs_endpoint": "",
            "primary_dfs_host": "",
            "primary_dfs_internet_endpoint": "",
            "primary_dfs_internet_host": "",
            "primary_dfs_microsoft_endpoint": "",
            "primary_dfs_microsoft_host": "",
            "primary_file_endpoint": "https://stfsletf3t6e1.file.core.windows.net/",
            "primary_file_host": "stfsletf3t6e1.file.core.windows.net",
            "primary_file_internet_endpoint": "",
            "primary_file_internet_host": "",
            "primary_file_microsoft_endpoint": "",
            "primary_file_microsoft_host": "",
            "primary_location": "eastus",
            "primary_queue_endpoint": "",
            "primary_queue_host": "",
            "primary_queue_microsoft_endpoint": "",
            "primary_queue_microsoft_host": "",
            "primary_table_endpoint": "",
            "primary_table_host": "",
            "primary_table_microsoft_endpoint": "",
            "primary_table_microsoft_host": "",
            "primary_web_endpoint": "",
            "primary_web_host": "",
            "primary_web_internet_endpoint": "",
            "primary_web_internet_host": "",
            "primary_web_microsoft_endpoint": "",
            "primary_web_microsoft_host": "",
            "provisioned_billing_model_version": "",
            "public_network_access_enabled": true,
            "queue_encryption_key_type": "Service",
            "queue_properties": [],
            "resource_group_name": "rg-avd-etf3-test-eus-storage",
            "routing": [],
            "sas_policy": [],
            "secondary_access_key": "DlXe11lqDPqijOdGL6y3YYTOH7go/55uk/X9LGOtRy16zCesXg+kQ7XByyRFWy3t5VmJl6f41ReU+AStdsXFGQ==",
            "secondary_blob_connection_string": "",
            "secondary_blob_endpoint": "",
            "secondary_blob_host": "",
            "secondary_blob_internet_endpoint": "",
            "secondary_blob_internet_host": "",
            "secondary_blob_microsoft_endpoint": "",
            "secondary_blob_microsoft_host": "",
            "secondary_connection_string": "DefaultEndpointsProtocol=https;AccountName=stfsletf3t6e1;AccountKey=DlXe11lqDPqijOdGL6y3YYTOH7go/55uk/X9LGOtRy16zCesXg+kQ7XByyRFWy3t5VmJl6f41ReU+AStdsXFGQ==;EndpointSuffix=core.windows.net",
            "secondary_dfs_endpoint": "",
            "secondary_dfs_host": "",
            "secondary_dfs_internet_endpoint": "",
            "secondary_dfs_internet_host": "",
            "secondary_dfs_microsoft_endpoint": "",
            "secondary_dfs_microsoft_host": "",
            "secondary_file_endpoint": "",
            "secondary_file_host": "",
            "secondary_file_internet_endpoint": "",
            "secondary_file_internet_host": "",
            "secondary_file_microsoft_endpoint": "",
            "secondary_file_microsoft_host": "",
            "secondary_location": "",
            "secondary_queue_endpoint": "",
            "secondary_queue_host": "",
            "secondary_queue_microsoft_endpoint": "",
            "secondary_queue_microsoft_host": "",
            "secondary_table_endpoint": "",
            "secondary_table_host": "",
            "secondary_table_microsoft_endpoint": "",
            "secondary_table_microsoft_host": "",
            "secondary_web_endpoint": "",
            "secondary_web_host": "",
            "secondary_web_internet_endpoint": "",
            "secondary_web_internet_host": "",
            "secondary_web_microsoft_endpoint": "",
            "secondary_web_microsoft_host": "",
            "sftp_enabled": false,
            "share_properties": [
              {
                "cors_rule": [],
                "retention_policy": [
                  {
                    "days": 7
                  }
                ],
                "smb": [
                  {
                    "authentication_types": [],
                    "channel_encryption_type": [],
                    "kerberos_ticket_encryption_type": [],
                    "multichannel_enabled": true,
                    "versions": []
                  }
                ]
              }
            ],
            "shared_access_key_enabled": true,
            "static_website": [],
            "table_encryption_key_type": "Service",
            "tags": {
              "CreationTimeUTC": "2026-02-26T02:12:46Z",
              "Environment": "Test",
              "IdentityProvider": "EntraID",
              "ServiceWorkload": "AVD"
            },
            "timeouts": null
          },
          "sensitive_attributes": [
            [
              {
                "type": "get_attr",
                "value": "primary_access_key"
              }
            ],
            [
              {
                "type": "get_attr",
                "value": "primary_blob_connection_string"
              }
            ],
            [
              {
                "type": "get_attr",
                "value": "primary_connection_string"
              }
            ],
            [
              {
                "type": "get_attr",
                "value": "secondary_access_key"
              }
            ],
            [
              {
                "type": "get_attr",
                "value": "secondary_blob_connection_string"
              }
            ],
            [
              {
                "type": "get_attr",
                "value": "secondary_connection_string"
              }
            ]
          ],
          "identity_schema_version": 0,
          "identity": {
            "name": "stfsletf3t6e1",
            "resource_group_name": "rg-avd-etf3-test-eus-storage",
            "subscription_id": "bd67233d-38af-45db-a98e-a10a2b443d8d"
          },
          "private": "eyJlMmJmYjczMC1lY2FhLTExZTYtOGY4OC0zNDM2M2JjN2M0YzAiOnsiY3JlYXRlIjozNjAwMDAwMDAwMDAwLCJkZWxldGUiOjM2MDAwMDAwMDAwMDAsInJlYWQiOjMwMDAwMDAwMDAwMCwidXBkYXRlIjozNjAwMDAwMDAwMDAwfSwic2NoZW1hX3ZlcnNpb24iOiI0In0=",
          "dependencies": [
            "azurerm_resource_group.rg_single",
            "azurerm_resource_group.rg_storage"
          ]
        }
      ]
    },
    {
      "mode": "managed",
      "type": "azurerm_storage_share",
      "name": "fslogix",
      "provider": "provider[\"registry.terraform.io/hashicorp/azurerm\"]",
      "instances": [
        {
          "index_key": 0,
          "schema_version": 2,
          "attributes": {
            "access_tier": "Premium",
            "acl": [],
            "enabled_protocol": "SMB",
            "id": "/subscriptions/bd67233d-38af-45db-a98e-a10a2b443d8d/resourceGroups/rg-avd-etf3-test-eus-storage/providers/Microsoft.Storage/storageAccounts/stfsletf3tdbd/fileServices/default/shares/fslogix-pc-etf3-test-eus-001",
            "metadata": {},
            "name": "fslogix-pc-etf3-test-eus-001",
            "quota": 1024,
            "resource_manager_id": "/subscriptions/bd67233d-38af-45db-a98e-a10a2b443d8d/resourceGroups/rg-avd-etf3-test-eus-storage/providers/Microsoft.Storage/storageAccounts/stfsletf3tdbd/fileServices/default/shares/fslogix-pc-etf3-test-eus-001",
            "storage_account_id": "/subscriptions/bd67233d-38af-45db-a98e-a10a2b443d8d/resourceGroups/rg-avd-etf3-test-eus-storage/providers/Microsoft.Storage/storageAccounts/stfsletf3tdbd",
            "storage_account_name": "",
            "timeouts": null,
            "url": "https://stfsletf3tdbd.file.core.windows.net/fslogix-pc-etf3-test-eus-001"
          },
          "sensitive_attributes": [],
          "identity_schema_version": 0,
          "private": "eyJlMmJmYjczMC1lY2FhLTExZTYtOGY4OC0zNDM2M2JjN2M0YzAiOnsiY3JlYXRlIjoxODAwMDAwMDAwMDAwLCJkZWxldGUiOjE4MDAwMDAwMDAwMDAsInJlYWQiOjMwMDAwMDAwMDAwMCwidXBkYXRlIjoxODAwMDAwMDAwMDAwfSwic2NoZW1hX3ZlcnNpb24iOiIyIn0=",
          "dependencies": [
            "azurerm_resource_group.rg_single",
            "azurerm_resource_group.rg_storage",
            "azurerm_storage_account.fslogix"
          ]
        }
      ]
    },
    {
      "mode": "managed",
      "type": "azurerm_subnet",
      "name": "avd",
      "provider": "provider[\"registry.terraform.io/hashicorp/azurerm\"]",
      "instances": [
        {
          "index_key": 0,
          "schema_version": 0,
          "attributes": {
            "address_prefixes": [
              "10.10.1.0/24"
            ],
            "default_outbound_access_enabled": true,
            "delegation": [],
            "id": "/subscriptions/bd67233d-38af-45db-a98e-a10a2b443d8d/resourceGroups/rg-avd-etf3-test-eus-network/providers/Microsoft.Network/virtualNetworks/vnet-etf3-test-eus-001/subnets/snet-avd-etf3-test-eus-001",
            "ip_address_pool": [],
            "name": "snet-avd-etf3-test-eus-001",
            "private_endpoint_network_policies": "Disabled",
            "private_link_service_network_policies_enabled": true,
            "resource_group_name": "rg-avd-etf3-test-eus-network",
            "service_endpoint_policy_ids": [],
            "service_endpoints": [
              "Microsoft.KeyVault"
            ],
            "sharing_scope": "",
            "timeouts": null,
            "virtual_network_name": "vnet-etf3-test-eus-001"
          },
          "sensitive_attributes": [],
          "identity_schema_version": 0,
          "identity": {
            "name": "snet-avd-etf3-test-eus-001",
            "resource_group_name": "rg-avd-etf3-test-eus-network",
            "subscription_id": "bd67233d-38af-45db-a98e-a10a2b443d8d",
            "virtual_network_name": "vnet-etf3-test-eus-001"
          },
          "private": "eyJlMmJmYjczMC1lY2FhLTExZTYtOGY4OC0zNDM2M2JjN2M0YzAiOnsiY3JlYXRlIjoxODAwMDAwMDAwMDAwLCJkZWxldGUiOjE4MDAwMDAwMDAwMDAsInJlYWQiOjMwMDAwMDAwMDAwMCwidXBkYXRlIjoxODAwMDAwMDAwMDAwfX0=",
          "dependencies": [
            "azurerm_network_ddos_protection_plan.ddos",
            "azurerm_resource_group.rg_network",
            "azurerm_resource_group.rg_single",
            "azurerm_virtual_network.avd"
          ]
        }
      ]
    },
    {
      "mode": "managed",
      "type": "azurerm_subnet",
      "name": "private_endpoints",
      "provider": "provider[\"registry.terraform.io/hashicorp/azurerm\"]",
      "instances": [
        {
          "index_key": 0,
          "schema_version": 0,
          "attributes": {
            "address_prefixes": [
              "10.10.2.0/27"
            ],
            "default_outbound_access_enabled": true,
            "delegation": [],
            "id": "/subscriptions/bd67233d-38af-45db-a98e-a10a2b443d8d/resourceGroups/rg-avd-etf3-test-eus-network/providers/Microsoft.Network/virtualNetworks/vnet-etf3-test-eus-001/subnets/snet-pe-etf3-test-eus-001",
            "ip_address_pool": [],
            "name": "snet-pe-etf3-test-eus-001",
            "private_endpoint_network_policies": "Disabled",
            "private_link_service_network_policies_enabled": true,
            "resource_group_name": "rg-avd-etf3-test-eus-network",
            "service_endpoint_policy_ids": [],
            "service_endpoints": [
              "Microsoft.KeyVault",
              "Microsoft.Storage"
            ],
            "sharing_scope": "",
            "timeouts": null,
            "virtual_network_name": "vnet-etf3-test-eus-001"
          },
          "sensitive_attributes": [],
          "identity_schema_version": 0,
          "identity": {
            "name": "snet-pe-etf3-test-eus-001",
            "resource_group_name": "rg-avd-etf3-test-eus-network",
            "subscription_id": "bd67233d-38af-45db-a98e-a10a2b443d8d",
            "virtual_network_name": "vnet-etf3-test-eus-001"
          },
          "private": "eyJlMmJmYjczMC1lY2FhLTExZTYtOGY4OC0zNDM2M2JjN2M0YzAiOnsiY3JlYXRlIjoxODAwMDAwMDAwMDAwLCJkZWxldGUiOjE4MDAwMDAwMDAwMDAsInJlYWQiOjMwMDAwMDAwMDAwMCwidXBkYXRlIjoxODAwMDAwMDAwMDAwfX0=",
          "dependencies": [
            "azurerm_network_ddos_protection_plan.ddos",
            "azurerm_resource_group.rg_network",
            "azurerm_resource_group.rg_single",
            "azurerm_virtual_network.avd"
          ]
        }
      ]
    },
    {
      "mode": "managed",
      "type": "azurerm_subnet_network_security_group_association",
      "name": "avd",
      "provider": "provider[\"registry.terraform.io/hashicorp/azurerm\"]",
      "instances": [
        {
          "index_key": 0,
          "schema_version": 0,
          "attributes": {
            "id": "/subscriptions/bd67233d-38af-45db-a98e-a10a2b443d8d/resourceGroups/rg-avd-etf3-test-eus-network/providers/Microsoft.Network/virtualNetworks/vnet-etf3-test-eus-001/subnets/snet-avd-etf3-test-eus-001",
            "network_security_group_id": "/subscriptions/bd67233d-38af-45db-a98e-a10a2b443d8d/resourceGroups/rg-avd-etf3-test-eus-network/providers/Microsoft.Network/networkSecurityGroups/nsg-avd-etf3-test-eus-001",
            "subnet_id": "/subscriptions/bd67233d-38af-45db-a98e-a10a2b443d8d/resourceGroups/rg-avd-etf3-test-eus-network/providers/Microsoft.Network/virtualNetworks/vnet-etf3-test-eus-001/subnets/snet-avd-etf3-test-eus-001",
            "timeouts": null
          },
          "sensitive_attributes": [],
          "identity_schema_version": 0,
          "private": "eyJlMmJmYjczMC1lY2FhLTExZTYtOGY4OC0zNDM2M2JjN2M0YzAiOnsiY3JlYXRlIjoxODAwMDAwMDAwMDAwLCJkZWxldGUiOjE4MDAwMDAwMDAwMDAsInJlYWQiOjMwMDAwMDAwMDAwMH19",
          "dependencies": [
            "azurerm_network_ddos_protection_plan.ddos",
            "azurerm_network_security_group.avd",
            "azurerm_resource_group.rg_network",
            "azurerm_resource_group.rg_single",
            "azurerm_subnet.avd",
            "azurerm_virtual_network.avd"
          ]
        }
      ]
    },
    {
      "mode": "managed",
      "type": "azurerm_subnet_network_security_group_association",
      "name": "private_endpoints",
      "provider": "provider[\"registry.terraform.io/hashicorp/azurerm\"]",
      "instances": [
        {
          "index_key": 0,
          "schema_version": 0,
          "attributes": {
            "id": "/subscriptions/bd67233d-38af-45db-a98e-a10a2b443d8d/resourceGroups/rg-avd-etf3-test-eus-network/providers/Microsoft.Network/virtualNetworks/vnet-etf3-test-eus-001/subnets/snet-pe-etf3-test-eus-001",
            "network_security_group_id": "/subscriptions/bd67233d-38af-45db-a98e-a10a2b443d8d/resourceGroups/rg-avd-etf3-test-eus-network/providers/Microsoft.Network/networkSecurityGroups/nsg-pe-etf3-test-eus-001",
            "subnet_id": "/subscriptions/bd67233d-38af-45db-a98e-a10a2b443d8d/resourceGroups/rg-avd-etf3-test-eus-network/providers/Microsoft.Network/virtualNetworks/vnet-etf3-test-eus-001/subnets/snet-pe-etf3-test-eus-001",
            "timeouts": null
          },
          "sensitive_attributes": [],
          "identity_schema_version": 0,
          "private": "eyJlMmJmYjczMC1lY2FhLTExZTYtOGY4OC0zNDM2M2JjN2M0YzAiOnsiY3JlYXRlIjoxODAwMDAwMDAwMDAwLCJkZWxldGUiOjE4MDAwMDAwMDAwMDAsInJlYWQiOjMwMDAwMDAwMDAwMH19",
          "dependencies": [
            "azurerm_network_ddos_protection_plan.ddos",
            "azurerm_network_security_group.private_endpoints",
            "azurerm_resource_group.rg_network",
            "azurerm_resource_group.rg_single",
            "azurerm_subnet.private_endpoints",
            "azurerm_virtual_network.avd"
          ]
        }
      ]
    },
    {
      "mode": "managed",
      "type": "azurerm_subnet_route_table_association",
      "name": "avd",
      "provider": "provider[\"registry.terraform.io/hashicorp/azurerm\"]",
      "instances": [
        {
          "index_key": 0,
          "schema_version": 0,
          "attributes": {
            "id": "/subscriptions/bd67233d-38af-45db-a98e-a10a2b443d8d/resourceGroups/rg-avd-etf3-test-eus-network/providers/Microsoft.Network/virtualNetworks/vnet-etf3-test-eus-001/subnets/snet-avd-etf3-test-eus-001",
            "route_table_id": "/subscriptions/bd67233d-38af-45db-a98e-a10a2b443d8d/resourceGroups/rg-avd-etf3-test-eus-network/providers/Microsoft.Network/routeTables/route-avd-etf3-test-eus-001",
            "subnet_id": "/subscriptions/bd67233d-38af-45db-a98e-a10a2b443d8d/resourceGroups/rg-avd-etf3-test-eus-network/providers/Microsoft.Network/virtualNetworks/vnet-etf3-test-eus-001/subnets/snet-avd-etf3-test-eus-001",
            "timeouts": null
          },
          "sensitive_attributes": [],
          "identity_schema_version": 0,
          "private": "eyJlMmJmYjczMC1lY2FhLTExZTYtOGY4OC0zNDM2M2JjN2M0YzAiOnsiY3JlYXRlIjoxODAwMDAwMDAwMDAwLCJkZWxldGUiOjE4MDAwMDAwMDAwMDAsInJlYWQiOjMwMDAwMDAwMDAwMH19",
          "dependencies": [
            "azurerm_network_ddos_protection_plan.ddos",
            "azurerm_resource_group.rg_network",
            "azurerm_resource_group.rg_single",
            "azurerm_route_table.avd",
            "azurerm_subnet.avd",
            "azurerm_virtual_network.avd"
          ]
        }
      ]
    },
    {
      "mode": "managed",
      "type": "azurerm_subnet_route_table_association",
      "name": "private_endpoints",
      "provider": "provider[\"registry.terraform.io/hashicorp/azurerm\"]",
      "instances": [
        {
          "index_key": 0,
          "schema_version": 0,
          "attributes": {
            "id": "/subscriptions/bd67233d-38af-45db-a98e-a10a2b443d8d/resourceGroups/rg-avd-etf3-test-eus-network/providers/Microsoft.Network/virtualNetworks/vnet-etf3-test-eus-001/subnets/snet-pe-etf3-test-eus-001",
            "route_table_id": "/subscriptions/bd67233d-38af-45db-a98e-a10a2b443d8d/resourceGroups/rg-avd-etf3-test-eus-network/providers/Microsoft.Network/routeTables/route-pe-etf3-test-eus-001",
            "subnet_id": "/subscriptions/bd67233d-38af-45db-a98e-a10a2b443d8d/resourceGroups/rg-avd-etf3-test-eus-network/providers/Microsoft.Network/virtualNetworks/vnet-etf3-test-eus-001/subnets/snet-pe-etf3-test-eus-001",
            "timeouts": null
          },
          "sensitive_attributes": [],
          "identity_schema_version": 0,
          "private": "eyJlMmJmYjczMC1lY2FhLTExZTYtOGY4OC0zNDM2M2JjN2M0YzAiOnsiY3JlYXRlIjoxODAwMDAwMDAwMDAwLCJkZWxldGUiOjE4MDAwMDAwMDAwMDAsInJlYWQiOjMwMDAwMDAwMDAwMH19",
          "dependencies": [
            "azurerm_network_ddos_protection_plan.ddos",
            "azurerm_resource_group.rg_network",
            "azurerm_resource_group.rg_single",
            "azurerm_route_table.private_endpoints",
            "azurerm_subnet.private_endpoints",
            "azurerm_virtual_network.avd"
          ]
        }
      ]
    },
    {
      "mode": "managed",
      "type": "azurerm_virtual_desktop_application_group",
      "name": "primary",
      "provider": "provider[\"registry.terraform.io/hashicorp/azurerm\"]",
      "instances": [
        {
          "schema_version": 1,
          "attributes": {
            "default_desktop_display_name": "",
            "description": "",
            "friendly_name": "Desktop ETF3 Test East US 001",
            "host_pool_id": "/subscriptions/bd67233d-38af-45db-a98e-a10a2b443d8d/resourceGroups/rg-avd-etf3-test-eus-service-objects/providers/Microsoft.DesktopVirtualization/hostPools/vdpool-etf3-test-eus-001",
            "id": "/subscriptions/bd67233d-38af-45db-a98e-a10a2b443d8d/resourceGroups/rg-avd-etf3-test-eus-service-objects/providers/Microsoft.DesktopVirtualization/applicationGroups/vdag-desktop-etf3-test-eus-001",
            "location": "eastus",
            "name": "vdag-desktop-etf3-test-eus-001",
            "resource_group_name": "rg-avd-etf3-test-eus-service-objects",
            "tags": {
              "CreationTimeUTC": "2026-02-26T02:12:46Z",
              "Environment": "Test",
              "IdentityProvider": "EntraID",
              "ServiceWorkload": "AVD"
            },
            "timeouts": null,
            "type": "Desktop"
          },
          "sensitive_attributes": [],
          "identity_schema_version": 0,
          "private": "eyJlMmJmYjczMC1lY2FhLTExZTYtOGY4OC0zNDM2M2JjN2M0YzAiOnsiY3JlYXRlIjozNjAwMDAwMDAwMDAwLCJkZWxldGUiOjM2MDAwMDAwMDAwMDAsInJlYWQiOjMwMDAwMDAwMDAwMCwidXBkYXRlIjozNjAwMDAwMDAwMDAwfSwic2NoZW1hX3ZlcnNpb24iOiIxIn0=",
          "dependencies": [
            "azurerm_resource_group.rg_service_objects",
            "azurerm_resource_group.rg_single",
            "azurerm_virtual_desktop_host_pool.hostpool"
          ]
        }
      ]
    },
    {
      "mode": "managed",
      "type": "azurerm_virtual_desktop_host_pool",
      "name": "hostpool",
      "provider": "provider[\"registry.terraform.io/hashicorp/azurerm\"]",
      "instances": [
        {
          "schema_version": 1,
          "attributes": {
            "custom_rdp_properties": "audiocapturemode:i:1;audiomode:i:0;drivestoredirect:s:;redirectclipboard:i:1;redirectcomports:i:1;redirectprinters:i:1;redirectsmartcards:i:1;screen mode id:i:2;",
            "description": "",
            "friendly_name": "Hostpool ETF3 Test East US 001",
            "id": "/subscriptions/bd67233d-38af-45db-a98e-a10a2b443d8d/resourceGroups/rg-avd-etf3-test-eus-service-objects/providers/Microsoft.DesktopVirtualization/hostPools/vdpool-etf3-test-eus-001",
            "load_balancer_type": "DepthFirst",
            "location": "eastus",
            "maximum_sessions_allowed": 8,
            "name": "vdpool-etf3-test-eus-001",
            "personal_desktop_assignment_type": "",
            "preferred_app_group_type": "Desktop",
            "public_network_access": "Enabled",
            "resource_group_name": "rg-avd-etf3-test-eus-service-objects",
            "scheduled_agent_updates": [],
            "start_vm_on_connect": true,
            "tags": {
              "CreationTimeUTC": "2026-02-26T02:12:46Z",
              "Environment": "Test",
              "IdentityProvider": "EntraID",
              "ServiceWorkload": "AVD"
            },
            "timeouts": null,
            "type": "Pooled",
            "validate_environment": false,
            "vm_template": ""
          },
          "sensitive_attributes": [],
          "identity_schema_version": 0,
          "private": "eyJlMmJmYjczMC1lY2FhLTExZTYtOGY4OC0zNDM2M2JjN2M0YzAiOnsiY3JlYXRlIjozNjAwMDAwMDAwMDAwLCJkZWxldGUiOjM2MDAwMDAwMDAwMDAsInJlYWQiOjMwMDAwMDAwMDAwMCwidXBkYXRlIjozNjAwMDAwMDAwMDAwfSwic2NoZW1hX3ZlcnNpb24iOiIxIn0=",
          "dependencies": [
            "azurerm_resource_group.rg_service_objects",
            "azurerm_resource_group.rg_single"
          ]
        }
      ]
    },
    {
      "mode": "managed",
      "type": "azurerm_virtual_desktop_host_pool_registration_info",
      "name": "registration",
      "provider": "provider[\"registry.terraform.io/hashicorp/azurerm\"]",
      "instances": [
        {
          "schema_version": 0,
          "attributes": {
            "expiration_date": "2026-03-05T02:13:32Z",
            "hostpool_id": "/subscriptions/bd67233d-38af-45db-a98e-a10a2b443d8d/resourceGroups/rg-avd-etf3-test-eus-service-objects/providers/Microsoft.DesktopVirtualization/hostPools/vdpool-etf3-test-eus-001",
            "id": "/subscriptions/bd67233d-38af-45db-a98e-a10a2b443d8d/resourceGroups/rg-avd-etf3-test-eus-service-objects/providers/Microsoft.DesktopVirtualization/hostPools/vdpool-etf3-test-eus-001/registrationInfo/default",
            "timeouts": null,
            "token": "eyJhbGciOiJSUzI1NiIsImtpZCI6IjEyMUExMTdGQUI2MzEyMjEyMjNEODUwMTg3NDlDNEEwQTBDMTNGQTYiLCJ0eXAiOiJKV1QifQ.eyJSZWdpc3RyYXRpb25JZCI6IjY0N2QwN2JjLWE1MmItNDc0My04ZTAxLWY2OWJkODljODlmNyIsIkJyb2tlclVyaSI6Imh0dHBzOi8vcmRicm9rZXItZy11cy1yMS53dmQubWljcm9zb2Z0LmNvbS8iLCJEaWFnbm9zdGljc1VyaSI6Imh0dHBzOi8vcmRkaWFnbm9zdGljcy1nLXVzLXIxLnd2ZC5taWNyb3NvZnQuY29tLyIsIkVuZHBvaW50UG9vbElkIjoiZDYyYjc2NTMtNmNlMS00OTY5LTllMTAtYjBmY2U4N2YxN2UyIiwiR2xvYmFsQnJva2VyVXJpIjoiaHR0cHM6Ly9yZGJyb2tlci53dmQubWljcm9zb2Z0LmNvbS8iLCJHZW9ncmFwaHkiOiJVUyIsIkdsb2JhbEJyb2tlclJlc291cmNlSWRVcmkiOiJodHRwczovL2Q2MmI3NjUzLTZjZTEtNDk2OS05ZTEwLWIwZmNlODdmMTdlMi5yZGJyb2tlci53dmQubWljcm9zb2Z0LmNvbS8iLCJCcm9rZXJSZXNvdXJjZUlkVXJpIjoiaHR0cHM6Ly9kNjJiNzY1My02Y2UxLTQ5NjktOWUxMC1iMGZjZTg3ZjE3ZTIucmRicm9rZXItZy11cy1yMS53dmQubWljcm9zb2Z0LmNvbS8iLCJEaWFnbm9zdGljc1Jlc291cmNlSWRVcmkiOiJodHRwczovL2Q2MmI3NjUzLTZjZTEtNDk2OS05ZTEwLWIwZmNlODdmMTdlMi5yZGRpYWdub3N0aWNzLWctdXMtcjEud3ZkLm1pY3Jvc29mdC5jb20vIiwiQUFEVGVuYW50SWQiOiJkM2VkYzNjMi1jMWFkLTQ2OWUtYTUzYS03ZGFjNDYyNzI3NzUiLCJuYmYiOjE3NzIwNzIwMTMsImV4cCI6MTc3MjY3NjgxMiwiaXNzIjoiUkRJbmZyYVRva2VuTWFuYWdlciIsImF1ZCI6IlJEbWkifQ.gLTrMhAfQHSh9p-SxRJg910Vrn76ZUZgcj50IZ7eMoM7YARgZFOwMl28wChnG59eWGBZeuw2heI1ToeM5yijuic2Czt85htwaB9fzACecS2DIgOw9fOeP7A3Ep8bVVK6YJHRcj9jx2MmpN4fxZQEWToXiVhGKnmSczBL86zR8QmcdvwTD2im5DdTTeBH9yb2TqqLj4FNnCjsx8tTsCcK7l7Go9vcVsDpI6hECtow6HBv3F17aCKw22nJ_bSOYbZpehiMiby73fhsMhEDzpFexV0a1UX0hnnjDVuWATKPo4uqwy2pjEfveDTiKKLwNltm3kIy9qysnicsiB0-ch8pxQ"
          },
          "sensitive_attributes": [
            [
              {
                "type": "get_attr",
                "value": "token"
              }
            ]
          ],
          "identity_schema_version": 0,
          "private": "eyJlMmJmYjczMC1lY2FhLTExZTYtOGY4OC0zNDM2M2JjN2M0YzAiOnsiY3JlYXRlIjoxODAwMDAwMDAwMDAwLCJkZWxldGUiOjE4MDAwMDAwMDAwMDAsInJlYWQiOjMwMDAwMDAwMDAwMCwidXBkYXRlIjoxODAwMDAwMDAwMDAwfX0=",
          "dependencies": [
            "azurerm_resource_group.rg_service_objects",
            "azurerm_resource_group.rg_single",
            "azurerm_virtual_desktop_host_pool.hostpool"
          ]
        }
      ]
    },
    {
      "mode": "managed",
      "type": "azurerm_virtual_desktop_workspace",
      "name": "workspace",
      "provider": "provider[\"registry.terraform.io/hashicorp/azurerm\"]",
      "instances": [
        {
          "schema_version": 1,
          "attributes": {
            "description": "",
            "friendly_name": "Workspace ETF3 Test East US 001",
            "id": "/subscriptions/bd67233d-38af-45db-a98e-a10a2b443d8d/resourceGroups/rg-avd-etf3-test-eus-service-objects/providers/Microsoft.DesktopVirtualization/workspaces/vdws-etf3-test-eus-001",
            "location": "eastus",
            "name": "vdws-etf3-test-eus-001",
            "public_network_access_enabled": true,
            "resource_group_name": "rg-avd-etf3-test-eus-service-objects",
            "tags": {
              "CreationTimeUTC": "2026-02-26T02:12:46Z",
              "Environment": "Test",
              "IdentityProvider": "EntraID",
              "ServiceWorkload": "AVD"
            },
            "timeouts": null
          },
          "sensitive_attributes": [],
          "identity_schema_version": 0,
          "private": "eyJlMmJmYjczMC1lY2FhLTExZTYtOGY4OC0zNDM2M2JjN2M0YzAiOnsiY3JlYXRlIjozNjAwMDAwMDAwMDAwLCJkZWxldGUiOjM2MDAwMDAwMDAwMDAsInJlYWQiOjMwMDAwMDAwMDAwMCwidXBkYXRlIjozNjAwMDAwMDAwMDAwfSwic2NoZW1hX3ZlcnNpb24iOiIxIn0=",
          "dependencies": [
            "azurerm_resource_group.rg_service_objects",
            "azurerm_resource_group.rg_single"
          ]
        }
      ]
    },
    {
      "mode": "managed",
      "type": "azurerm_virtual_desktop_workspace_application_group_association",
      "name": "primary_assoc",
      "provider": "provider[\"registry.terraform.io/hashicorp/azurerm\"]",
      "instances": [
        {
          "schema_version": 1,
          "attributes": {
            "application_group_id": "/subscriptions/bd67233d-38af-45db-a98e-a10a2b443d8d/resourceGroups/rg-avd-etf3-test-eus-service-objects/providers/Microsoft.DesktopVirtualization/applicationGroups/vdag-desktop-etf3-test-eus-001",
            "id": "/subscriptions/bd67233d-38af-45db-a98e-a10a2b443d8d/resourceGroups/rg-avd-etf3-test-eus-service-objects/providers/Microsoft.DesktopVirtualization/workspaces/vdws-etf3-test-eus-001|/subscriptions/bd67233d-38af-45db-a98e-a10a2b443d8d/resourceGroups/rg-avd-etf3-test-eus-service-objects/providers/Microsoft.DesktopVirtualization/applicationGroups/vdag-desktop-etf3-test-eus-001",
            "timeouts": null,
            "workspace_id": "/subscriptions/bd67233d-38af-45db-a98e-a10a2b443d8d/resourceGroups/rg-avd-etf3-test-eus-service-objects/providers/Microsoft.DesktopVirtualization/workspaces/vdws-etf3-test-eus-001"
          },
          "sensitive_attributes": [],
          "identity_schema_version": 0,
          "private": "eyJlMmJmYjczMC1lY2FhLTExZTYtOGY4OC0zNDM2M2JjN2M0YzAiOnsiY3JlYXRlIjozNjAwMDAwMDAwMDAwLCJkZWxldGUiOjM2MDAwMDAwMDAwMDAsInJlYWQiOjMwMDAwMDAwMDAwMH0sInNjaGVtYV92ZXJzaW9uIjoiMSJ9",
          "dependencies": [
            "azurerm_resource_group.rg_service_objects",
            "azurerm_resource_group.rg_single",
            "azurerm_virtual_desktop_application_group.primary",
            "azurerm_virtual_desktop_host_pool.hostpool",
            "azurerm_virtual_desktop_workspace.workspace"
          ]
        }
      ]
    },
    {
      "mode": "managed",
      "type": "azurerm_virtual_machine_extension",
      "name": "aad_login",
      "provider": "provider[\"registry.terraform.io/hashicorp/azurerm\"]",
      "instances": [
        {
          "index_key": 0,
          "schema_version": 0,
          "attributes": {
            "auto_upgrade_minor_version": true,
            "automatic_upgrade_enabled": false,
            "failure_suppression_enabled": false,
            "id": "/subscriptions/bd67233d-38af-45db-a98e-a10a2b443d8d/resourceGroups/rg-avd-etf3-test-eus-pool-compute/providers/Microsoft.Compute/virtualMachines/vmetf3teus-0001/extensions/AADLoginForWindows",
            "name": "AADLoginForWindows",
            "protected_settings": null,
            "protected_settings_from_key_vault": [],
            "provision_after_extensions": [],
            "publisher": "Microsoft.Azure.ActiveDirectory",
            "settings": null,
            "tags": {},
            "timeouts": null,
            "type": "AADLoginForWindows",
            "type_handler_version": "2.2",
            "virtual_machine_id": "/subscriptions/bd67233d-38af-45db-a98e-a10a2b443d8d/resourceGroups/rg-avd-etf3-test-eus-pool-compute/providers/Microsoft.Compute/virtualMachines/vmetf3teus-0001"
          },
          "sensitive_attributes": [
            [
              {
                "type": "get_attr",
                "value": "protected_settings"
              }
            ]
          ],
          "identity_schema_version": 0,
          "identity": {
            "name": "AADLoginForWindows",
            "resource_group_name": "rg-avd-etf3-test-eus-pool-compute",
            "subscription_id": "bd67233d-38af-45db-a98e-a10a2b443d8d",
            "virtual_machine_name": "vmetf3teus-0001"
          },
          "private": "eyJlMmJmYjczMC1lY2FhLTExZTYtOGY4OC0zNDM2M2JjN2M0YzAiOnsiY3JlYXRlIjoxODAwMDAwMDAwMDAwLCJkZWxldGUiOjE4MDAwMDAwMDAwMDAsInJlYWQiOjMwMDAwMDAwMDAwMCwidXBkYXRlIjoxODAwMDAwMDAwMDAwfX0=",
          "dependencies": [
            "azurerm_disk_encryption_set.zero_trust",
            "azurerm_key_vault.zero_trust",
            "azurerm_key_vault_key.zero_trust",
            "azurerm_network_ddos_protection_plan.ddos",
            "azurerm_network_interface.nic",
            "azurerm_resource_group.rg_compute",
            "azurerm_resource_group.rg_network",
            "azurerm_resource_group.rg_service_objects",
            "azurerm_resource_group.rg_single",
            "azurerm_subnet.avd",
            "azurerm_virtual_network.avd",
            "azurerm_windows_virtual_machine.session_host",
            "data.azurerm_client_config.current",
            "data.azurerm_subnet.existing_subnet"
          ]
        }
      ]
    },
    {
      "mode": "managed",
      "type": "azurerm_virtual_machine_extension",
      "name": "avd_register",
      "provider": "provider[\"registry.terraform.io/hashicorp/azurerm\"]",
      "instances": [
        {
          "index_key": 0,
          "schema_version": 0,
          "attributes": {
            "auto_upgrade_minor_version": true,
            "automatic_upgrade_enabled": false,
            "failure_suppression_enabled": false,
            "id": "/subscriptions/bd67233d-38af-45db-a98e-a10a2b443d8d/resourceGroups/rg-avd-etf3-test-eus-pool-compute/providers/Microsoft.Compute/virtualMachines/vmetf3teus-0001/extensions/Microsoft.Powershell.DSC",
            "name": "Microsoft.Powershell.DSC",
            "protected_settings": "{\r\n  \"properties\": {\r\n    \"registrationInfoToken\": \"eyJhbGciOiJSUzI1NiIsImtpZCI6IjEyMUExMTdGQUI2MzEyMjEyMjNEODUwMTg3NDlDNEEwQTBDMTNGQTYiLCJ0eXAiOiJKV1QifQ.eyJSZWdpc3RyYXRpb25JZCI6IjY0N2QwN2JjLWE1MmItNDc0My04ZTAxLWY2OWJkODljODlmNyIsIkJyb2tlclVyaSI6Imh0dHBzOi8vcmRicm9rZXItZy11cy1yMS53dmQubWljcm9zb2Z0LmNvbS8iLCJEaWFnbm9zdGljc1VyaSI6Imh0dHBzOi8vcmRkaWFnbm9zdGljcy1nLXVzLXIxLnd2ZC5taWNyb3NvZnQuY29tLyIsIkVuZHBvaW50UG9vbElkIjoiZDYyYjc2NTMtNmNlMS00OTY5LTllMTAtYjBmY2U4N2YxN2UyIiwiR2xvYmFsQnJva2VyVXJpIjoiaHR0cHM6Ly9yZGJyb2tlci53dmQubWljcm9zb2Z0LmNvbS8iLCJHZW9ncmFwaHkiOiJVUyIsIkdsb2JhbEJyb2tlclJlc291cmNlSWRVcmkiOiJodHRwczovL2Q2MmI3NjUzLTZjZTEtNDk2OS05ZTEwLWIwZmNlODdmMTdlMi5yZGJyb2tlci53dmQubWljcm9zb2Z0LmNvbS8iLCJCcm9rZXJSZXNvdXJjZUlkVXJpIjoiaHR0cHM6Ly9kNjJiNzY1My02Y2UxLTQ5NjktOWUxMC1iMGZjZTg3ZjE3ZTIucmRicm9rZXItZy11cy1yMS53dmQubWljcm9zb2Z0LmNvbS8iLCJEaWFnbm9zdGljc1Jlc291cmNlSWRVcmkiOiJodHRwczovL2Q2MmI3NjUzLTZjZTEtNDk2OS05ZTEwLWIwZmNlODdmMTdlMi5yZGRpYWdub3N0aWNzLWctdXMtcjEud3ZkLm1pY3Jvc29mdC5jb20vIiwiQUFEVGVuYW50SWQiOiJkM2VkYzNjMi1jMWFkLTQ2OWUtYTUzYS03ZGFjNDYyNzI3NzUiLCJuYmYiOjE3NzIwNzIwMTMsImV4cCI6MTc3MjY3NjgxMiwiaXNzIjoiUkRJbmZyYVRva2VuTWFuYWdlciIsImF1ZCI6IlJEbWkifQ.gLTrMhAfQHSh9p-SxRJg910Vrn76ZUZgcj50IZ7eMoM7YARgZFOwMl28wChnG59eWGBZeuw2heI1ToeM5yijuic2Czt85htwaB9fzACecS2DIgOw9fOeP7A3Ep8bVVK6YJHRcj9jx2MmpN4fxZQEWToXiVhGKnmSczBL86zR8QmcdvwTD2im5DdTTeBH9yb2TqqLj4FNnCjsx8tTsCcK7l7Go9vcVsDpI6hECtow6HBv3F17aCKw22nJ_bSOYbZpehiMiby73fhsMhEDzpFexV0a1UX0hnnjDVuWATKPo4uqwy2pjEfveDTiKKLwNltm3kIy9qysnicsiB0-ch8pxQ\"\r\n  }\r\n}\r\n",
            "protected_settings_from_key_vault": [],
            "provision_after_extensions": [],
            "publisher": "Microsoft.Powershell",
            "settings": "{\"configurationFunction\":\"Configuration.ps1\\\\AddSessionHost\",\"modulesUrl\":\"https://wvdportalstorageblob.blob.core.windows.net/galleryartifacts/Configuration_1.0.02714.342.zip\",\"properties\":{\"HostPoolName\":\"vdpool-etf3-test-eus-001\"}}",
            "tags": {},
            "timeouts": null,
            "type": "DSC",
            "type_handler_version": "2.73",
            "virtual_machine_id": "/subscriptions/bd67233d-38af-45db-a98e-a10a2b443d8d/resourceGroups/rg-avd-etf3-test-eus-pool-compute/providers/Microsoft.Compute/virtualMachines/vmetf3teus-0001"
          },
          "sensitive_attributes": [
            [
              {
                "type": "get_attr",
                "value": "protected_settings"
              }
            ]
          ],
          "identity_schema_version": 0,
          "identity": {
            "name": "Microsoft.Powershell.DSC",
            "resource_group_name": "rg-avd-etf3-test-eus-pool-compute",
            "subscription_id": "bd67233d-38af-45db-a98e-a10a2b443d8d",
            "virtual_machine_name": "vmetf3teus-0001"
          },
          "private": "eyJlMmJmYjczMC1lY2FhLTExZTYtOGY4OC0zNDM2M2JjN2M0YzAiOnsiY3JlYXRlIjoxODAwMDAwMDAwMDAwLCJkZWxldGUiOjE4MDAwMDAwMDAwMDAsInJlYWQiOjMwMDAwMDAwMDAwMCwidXBkYXRlIjoxODAwMDAwMDAwMDAwfX0=",
          "dependencies": [
            "azurerm_disk_encryption_set.zero_trust",
            "azurerm_key_vault.zero_trust",
            "azurerm_key_vault_key.zero_trust",
            "azurerm_network_ddos_protection_plan.ddos",
            "azurerm_network_interface.nic",
            "azurerm_resource_group.rg_compute",
            "azurerm_resource_group.rg_network",
            "azurerm_resource_group.rg_service_objects",
            "azurerm_resource_group.rg_single",
            "azurerm_subnet.avd",
            "azurerm_virtual_desktop_host_pool.hostpool",
            "azurerm_virtual_desktop_host_pool_registration_info.registration",
            "azurerm_virtual_machine_extension.domain_join",
            "azurerm_virtual_network.avd",
            "azurerm_windows_virtual_machine.session_host",
            "data.azurerm_client_config.current",
            "data.azurerm_subnet.existing_subnet"
          ]
        }
      ]
    },
    {
      "mode": "managed",
      "type": "azurerm_virtual_network",
      "name": "avd",
      "provider": "provider[\"registry.terraform.io/hashicorp/azurerm\"]",
      "instances": [
        {
          "index_key": 0,
          "schema_version": 0,
          "attributes": {
            "address_space": [
              "10.10.0.0/16"
            ],
            "bgp_community": "",
            "ddos_protection_plan": [],
            "dns_servers": [],
            "edge_zone": "",
            "encryption": [],
            "flow_timeout_in_minutes": 0,
            "guid": "c4f10ab2-23b9-4713-9ebe-410b317cde51",
            "id": "/subscriptions/bd67233d-38af-45db-a98e-a10a2b443d8d/resourceGroups/rg-avd-etf3-test-eus-network/providers/Microsoft.Network/virtualNetworks/vnet-etf3-test-eus-001",
            "ip_address_pool": [],
            "location": "eastus",
            "name": "vnet-etf3-test-eus-001",
            "private_endpoint_vnet_policies": "Disabled",
            "resource_group_name": "rg-avd-etf3-test-eus-network",
            "subnet": [
              {
                "address_prefixes": [
                  "10.10.1.0/24"
                ],
                "default_outbound_access_enabled": true,
                "delegation": [],
                "id": "/subscriptions/bd67233d-38af-45db-a98e-a10a2b443d8d/resourceGroups/rg-avd-etf3-test-eus-network/providers/Microsoft.Network/virtualNetworks/vnet-etf3-test-eus-001/subnets/snet-avd-etf3-test-eus-001",
                "name": "snet-avd-etf3-test-eus-001",
                "private_endpoint_network_policies": "Disabled",
                "private_link_service_network_policies_enabled": true,
                "route_table_id": "/subscriptions/bd67233d-38af-45db-a98e-a10a2b443d8d/resourceGroups/rg-avd-etf3-test-eus-network/providers/Microsoft.Network/routeTables/route-avd-etf3-test-eus-001",
                "security_group": "/subscriptions/bd67233d-38af-45db-a98e-a10a2b443d8d/resourceGroups/rg-avd-etf3-test-eus-network/providers/Microsoft.Network/networkSecurityGroups/nsg-avd-etf3-test-eus-001",
                "service_endpoint_policy_ids": [],
                "service_endpoints": [
                  "Microsoft.KeyVault"
                ]
              },
              {
                "address_prefixes": [
                  "10.10.2.0/27"
                ],
                "default_outbound_access_enabled": true,
                "delegation": [],
                "id": "/subscriptions/bd67233d-38af-45db-a98e-a10a2b443d8d/resourceGroups/rg-avd-etf3-test-eus-network/providers/Microsoft.Network/virtualNetworks/vnet-etf3-test-eus-001/subnets/snet-pe-etf3-test-eus-001",
                "name": "snet-pe-etf3-test-eus-001",
                "private_endpoint_network_policies": "Disabled",
                "private_link_service_network_policies_enabled": true,
                "route_table_id": "/subscriptions/bd67233d-38af-45db-a98e-a10a2b443d8d/resourceGroups/rg-avd-etf3-test-eus-network/providers/Microsoft.Network/routeTables/route-pe-etf3-test-eus-001",
                "security_group": "/subscriptions/bd67233d-38af-45db-a98e-a10a2b443d8d/resourceGroups/rg-avd-etf3-test-eus-network/providers/Microsoft.Network/networkSecurityGroups/nsg-pe-etf3-test-eus-001",
                "service_endpoint_policy_ids": [],
                "service_endpoints": [
                  "Microsoft.KeyVault",
                  "Microsoft.Storage"
                ]
              }
            ],
            "tags": {
              "CreationTimeUTC": "2026-02-26T02:12:46Z",
              "Environment": "Test",
              "IdentityProvider": "EntraID",
              "ServiceWorkload": "AVD"
            },
            "timeouts": null
          },
          "sensitive_attributes": [],
          "identity_schema_version": 0,
          "identity": {
            "name": "vnet-etf3-test-eus-001",
            "resource_group_name": "rg-avd-etf3-test-eus-network",
            "subscription_id": "bd67233d-38af-45db-a98e-a10a2b443d8d"
          },
          "private": "eyJlMmJmYjczMC1lY2FhLTExZTYtOGY4OC0zNDM2M2JjN2M0YzAiOnsiY3JlYXRlIjoxODAwMDAwMDAwMDAwLCJkZWxldGUiOjE4MDAwMDAwMDAwMDAsInJlYWQiOjMwMDAwMDAwMDAwMCwidXBkYXRlIjoxODAwMDAwMDAwMDAwfX0=",
          "dependencies": [
            "azurerm_network_ddos_protection_plan.ddos",
            "azurerm_resource_group.rg_network",
            "azurerm_resource_group.rg_single"
          ]
        }
      ]
    },
    {
      "mode": "managed",
      "type": "azurerm_windows_virtual_machine",
      "name": "session_host",
      "provider": "provider[\"registry.terraform.io/hashicorp/azurerm\"]",
      "instances": [
        {
          "index_key": 0,
          "schema_version": 0,
          "attributes": {
            "additional_capabilities": [],
            "additional_unattend_content": [],
            "admin_password": "Ihavenoidea53*",
            "admin_username": "etfadmin",
            "allow_extension_operations": true,
            "automatic_updates_enabled": true,
            "availability_set_id": "",
            "boot_diagnostics": [],
            "bypass_platform_safety_checks_on_user_schedule_enabled": false,
            "capacity_reservation_group_id": "",
            "computer_name": "vmetf3teus-0001",
            "custom_data": null,
            "dedicated_host_group_id": "",
            "dedicated_host_id": "",
            "disk_controller_type": "NVMe",
            "edge_zone": "",
            "enable_automatic_updates": true,
            "encryption_at_host_enabled": false,
            "eviction_policy": "",
            "extensions_time_budget": "PT1H30M",
            "gallery_application": [],
            "hotpatching_enabled": false,
            "id": "/subscriptions/bd67233d-38af-45db-a98e-a10a2b443d8d/resourceGroups/rg-avd-etf3-test-eus-pool-compute/providers/Microsoft.Compute/virtualMachines/vmetf3teus-0001",
            "identity": [
              {
                "identity_ids": [],
                "principal_id": "6f051f74-8999-4630-8548-367b4680a0da",
                "tenant_id": "d3edc3c2-c1ad-469e-a53a-7dac46272775",
                "type": "SystemAssigned"
              }
            ],
            "license_type": "",
            "location": "eastus",
            "max_bid_price": -1,
            "name": "vmetf3teus-0001",
            "network_interface_ids": [
              "/subscriptions/bd67233d-38af-45db-a98e-a10a2b443d8d/resourceGroups/rg-avd-etf3-test-eus-pool-compute/providers/Microsoft.Network/networkInterfaces/vmetf3teus-0001-nic"
            ],
            "os_disk": [
              {
                "caching": "ReadWrite",
                "diff_disk_settings": [],
                "disk_encryption_set_id": "",
                "disk_size_gb": 127,
                "id": "/subscriptions/bd67233d-38af-45db-a98e-a10a2b443d8d/resourceGroups/rg-avd-etf3-test-eus-pool-compute/providers/Microsoft.Compute/disks/vmetf3teus-0001_OsDisk_1_22a577ca2fba4d7ca6c11bffc6898406",
                "name": "vmetf3teus-0001_OsDisk_1_22a577ca2fba4d7ca6c11bffc6898406",
                "secure_vm_disk_encryption_set_id": "",
                "security_encryption_type": "",
                "storage_account_type": "Premium_LRS",
                "write_accelerator_enabled": false
              }
            ],
            "os_image_notification": [],
            "os_managed_disk_id": "/subscriptions/bd67233d-38af-45db-a98e-a10a2b443d8d/resourceGroups/rg-avd-etf3-test-eus-pool-compute/providers/Microsoft.Compute/disks/vmetf3teus-0001_OsDisk_1_22a577ca2fba4d7ca6c11bffc6898406",
            "patch_assessment_mode": "ImageDefault",
            "patch_mode": "AutomaticByOS",
            "plan": [],
            "platform_fault_domain": -1,
            "priority": "Regular",
            "private_ip_address": "10.10.1.4",
            "private_ip_addresses": [
              "10.10.1.4"
            ],
            "provision_vm_agent": true,
            "proximity_placement_group_id": "",
            "public_ip_address": "",
            "public_ip_addresses": [],
            "reboot_setting": "",
            "resource_group_name": "rg-avd-etf3-test-eus-pool-compute",
            "secret": [],
            "secure_boot_enabled": false,
            "size": "Standard_D2als_v6",
            "source_image_id": "",
            "source_image_reference": [
              {
                "offer": "windows-11",
                "publisher": "MicrosoftWindowsDesktop",
                "sku": "win11-24h2-avd",
                "version": "latest"
              }
            ],
            "tags": {
              "CreationTimeUTC": "2026-02-26T02:12:46Z",
              "Environment": "Test",
              "IdentityProvider": "EntraID",
              "ServiceWorkload": "AVD"
            },
            "termination_notification": [],
            "timeouts": null,
            "timezone": "",
            "user_data": "",
            "virtual_machine_id": "788243a8-88dc-40ca-a501-9f74603fa4aa",
            "virtual_machine_scale_set_id": "",
            "vm_agent_platform_updates_enabled": true,
            "vtpm_enabled": false,
            "winrm_listener": [],
            "zone": ""
          },
          "sensitive_attributes": [
            [
              {
                "type": "get_attr",
                "value": "admin_password"
              }
            ],
            [
              {
                "type": "get_attr",
                "value": "custom_data"
              }
            ]
          ],
          "identity_schema_version": 0,
          "private": "eyJlMmJmYjczMC1lY2FhLTExZTYtOGY4OC0zNDM2M2JjN2M0YzAiOnsiY3JlYXRlIjoyNzAwMDAwMDAwMDAwLCJkZWxldGUiOjI3MDAwMDAwMDAwMDAsInJlYWQiOjMwMDAwMDAwMDAwMCwidXBkYXRlIjoyNzAwMDAwMDAwMDAwfX0=",
          "dependencies": [
            "azurerm_disk_encryption_set.zero_trust",
            "azurerm_key_vault.zero_trust",
            "azurerm_key_vault_key.zero_trust",
            "azurerm_network_ddos_protection_plan.ddos",
            "azurerm_network_interface.nic",
            "azurerm_resource_group.rg_compute",
            "azurerm_resource_group.rg_network",
            "azurerm_resource_group.rg_service_objects",
            "azurerm_resource_group.rg_single",
            "azurerm_subnet.avd",
            "azurerm_virtual_network.avd",
            "data.azurerm_client_config.current",
            "data.azurerm_subnet.existing_subnet"
          ]
        }
      ]
    },
    {
      "mode": "managed",
      "type": "null_resource",
      "name": "avd_prerequisites_validation",
      "provider": "provider[\"registry.terraform.io/hashicorp/null\"]",
      "instances": [
        {
          "schema_version": 0,
          "attributes": {
            "id": "955974111",
            "triggers": null
          },
          "sensitive_attributes": [],
          "identity_schema_version": 0
        }
      ]
    },
    {
      "mode": "managed",
      "type": "null_resource",
      "name": "wait_for_avd_hosts",
      "provider": "provider[\"registry.terraform.io/hashicorp/null\"]",
      "instances": [
        {
          "schema_version": 0,
          "attributes": {
            "id": "1459066348",
            "triggers": null
          },
          "sensitive_attributes": [],
          "identity_schema_version": 0,
          "dependencies": [
            "azurerm_disk_encryption_set.zero_trust",
            "azurerm_key_vault.zero_trust",
            "azurerm_key_vault_key.zero_trust",
            "azurerm_network_ddos_protection_plan.ddos",
            "azurerm_network_interface.nic",
            "azurerm_resource_group.rg_compute",
            "azurerm_resource_group.rg_network",
            "azurerm_resource_group.rg_service_objects",
            "azurerm_resource_group.rg_single",
            "azurerm_subnet.avd",
            "azurerm_virtual_desktop_host_pool.hostpool",
            "azurerm_virtual_network.avd",
            "azurerm_windows_virtual_machine.session_host",
            "data.azurerm_client_config.current",
            "data.azurerm_subnet.existing_subnet"
          ]
        }
      ]
    }
  ],
  "check_results": null
}
